
Microsoft Visual Studio Solution File, Format Version 12.00
# Visual Studio Version 17
VisualStudioVersion = 17.0.31903.59
MinimumVisualStudioVersion = 10.0.40219.1
Project("{2150E333-8FDC-42A3-9474-1A3956D46DE8}") = "src", "src", "{827E0CD3-B72D-47B6-A68D-7590B98EB39B}"
EndProject
Project("{FAE04EC0-301F-11D3-BF4B-00C04F79EFBC}") = "NovaCMS.Api", "src\NovaCMS.Api\NovaCMS.Api.csproj", "{7616C55A-DDD6-4BC5-AC78-089A9C541705}"
EndProject
Project("{FAE04EC0-301F-11D3-BF4B-00C04F79EFBC}") = "NovaCMS.Application", "src\NovaCMS.Application\NovaCMS.Application.csproj", "{2D0ED598-28F8-4FFC-B70F-1E71605D7E6A}"
EndProject
Project("{FAE04EC0-301F-11D3-BF4B-00C04F79EFBC}") = "NovaCMS.Domain", "src\NovaCMS.Domain\NovaCMS.Domain.csproj", "{8672517C-CF16-4976-85BD-440A34A57CBD}"
EndProject
Project("{FAE04EC0-301F-11D3-BF4B-00C04F79EFBC}") = "NovaCMS.Infrastructure", "src\NovaCMS.Infrastructure\NovaCMS.Infrastructure.csproj", "{5CB2DB27-0A38-4321-8D35-D23459E340F6}"
EndProject
Global
	GlobalSection(SolutionConfigurationPlatforms) = preSolution
		Debug|Any CPU = Debug|Any CPU
		Debug|x64 = Debug|x64
		Debug|x86 = Debug|x86
		Release|Any CPU = Release|Any CPU
		Release|x64 = Release|x64
		Release|x86 = Release|x86
	EndGlobalSection
	GlobalSection(ProjectConfigurationPlatforms) = postSolution
		{7616C55A-DDD6-4BC5-AC78-089A9C541705}.Debug|Any CPU.ActiveCfg = Debug|Any CPU
		{7616C55A-DDD6-4BC5-AC78-089A9C541705}.Debug|Any CPU.Build.0 = Debug|Any CPU
		{7616C55A-DDD6-4BC5-AC78-089A9C541705}.Debug|x64.ActiveCfg = Debug|Any CPU
		{7616C55A-DDD6-4BC5-AC78-089A9C541705}.Debug|x64.Build.0 = Debug|Any CPU
		{7616C55A-DDD6-4BC5-AC78-089A9C541705}.Debug|x86.ActiveCfg = Debug|Any CPU
		{7616C55A-DDD6-4BC5-AC78-089A9C541705}.Debug|x86.Build.0 = Debug|Any CPU
		{7616C55A-DDD6-4BC5-AC78-089A9C541705}.Release|Any CPU.ActiveCfg = Release|Any CPU
		{7616C55A-DDD6-4BC5-AC78-089A9C541705}.Release|Any CPU.Build.0 = Release|Any CPU
		{7616C55A-DDD6-4BC5-AC78-089A9C541705}.Release|x64.ActiveCfg = Release|Any CPU
		{7616C55A-DDD6-4BC5-AC78-089A9C541705}.Release|x64.Build.0 = Release|Any CPU
		{7616C55A-DDD6-4BC5-AC78-089A9C541705}.Release|x86.ActiveCfg = Release|Any CPU
		{7616C55A-DDD6-4BC5-AC78-089A9C541705}.Release|x86.Build.0 = Release|Any CPU
		{2D0ED598-28F8-4FFC-B70F-1E71605D7E6A}.Debug|Any CPU.ActiveCfg = Debug|Any CPU
		{2D0ED598-28F8-4FFC-B70F-1E71605D7E6A}.Debug|Any CPU.Build.0 = Debug|Any CPU
		{2D0ED598-28F8-4FFC-B70F-1E71605D7E6A}.Debug|x64.ActiveCfg = Debug|Any CPU
		{2D0ED598-28F8-4FFC-B70F-1E71605D7E6A}.Debug|x64.Build.0 = Debug|Any CPU
		{2D0ED598-28F8-4FFC-B70F-1E71605D7E6A}.Debug|x86.ActiveCfg = Debug|Any CPU
		{2D0ED598-28F8-4FFC-B70F-1E71605D7E6A}.Debug|x86.Build.0 = Debug|Any CPU
		{2D0ED598-28F8-4FFC-B70F-1E71605D7E6A}.Release|Any CPU.ActiveCfg = Release|Any CPU
		{2D0ED598-28F8-4FFC-B70F-1E71605D7E6A}.Release|Any CPU.Build.0 = Release|Any CPU
		{2D0ED598-28F8-4FFC-B70F-1E71605D7E6A}.Release|x64.ActiveCfg = Release|Any CPU
		{2D0ED598-28F8-4FFC-B70F-1E71605D7E6A}.Release|x64.Build.0 = Release|Any CPU
		{2D0ED598-28F8-4FFC-B70F-1E71605D7E6A}.Release|x86.ActiveCfg = Release|Any CPU
		{2D0ED598-28F8-4FFC-B70F-1E71605D7E6A}.Release|x86.Build.0 = Release|Any CPU
		{8672517C-CF16-4976-85BD-440A34A57CBD}.Debug|Any CPU.ActiveCfg = Debug|Any CPU
		{8672517C-CF16-4976-85BD-440A34A57CBD}.Debug|Any CPU.Build.0 = Debug|Any CPU
		{8672517C-CF16-4976-85BD-440A34A57CBD}.Debug|x64.ActiveCfg = Debug|Any CPU
		{8672517C-CF16-4976-85BD-440A34A57CBD}.Debug|x64.Build.0 = Debug|Any CPU
		{8672517C-CF16-4976-85BD-440A34A57CBD}.Debug|x86.ActiveCfg = Debug|Any CPU
		{8672517C-CF16-4976-85BD-440A34A57CBD}.Debug|x86.Build.0 = Debug|Any CPU
		{8672517C-CF16-4976-85BD-440A34A57CBD}.Release|Any CPU.ActiveCfg = Release|Any CPU
		{8672517C-CF16-4976-85BD-440A34A57CBD}.Release|Any CPU.Build.0 = Release|Any CPU
		{8672517C-CF16-4976-85BD-440A34A57CBD}.Release|x64.ActiveCfg = Release|Any CPU
		{8672517C-CF16-4976-85BD-440A34A57CBD}.Release|x64.Build.0 = Release|Any CPU
		{8672517C-CF16-4976-85BD-440A34A57CBD}.Release|x86.ActiveCfg = Release|Any CPU
		{8672517C-CF16-4976-85BD-440A34A57CBD}.Release|x86.Build.0 = Release|Any CPU
		{5CB2DB27-0A38-4321-8D35-D23459E340F6}.Debug|Any CPU.ActiveCfg = Debug|Any CPU
		{5CB2DB27-0A38-4321-8D35-D23459E340F6}.Debug|Any CPU.Build.0 = Debug|Any CPU
		{5CB2DB27-0A38-4321-8D35-D23459E340F6}.Debug|x64.ActiveCfg = Debug|Any CPU
		{5CB2DB27-0A38-4321-8D35-D23459E340F6}.Debug|x64.Build.0 = Debug|Any CPU
		{5CB2DB27-0A38-4321-8D35-D23459E340F6}.Debug|x86.ActiveCfg = Debug|Any CPU
		{5CB2DB27-0A38-4321-8D35-D23459E340F6}.Debug|x86.Build.0 = Debug|Any CPU
		{5CB2DB27-0A38-4321-8D35-D23459E340F6}.Release|Any CPU.ActiveCfg = Release|Any CPU
		{5CB2DB27-0A38-4321-8D35-D23459E340F6}.Release|Any CPU.Build.0 = Release|Any CPU
		{5CB2DB27-0A38-4321-8D35-D23459E340F6}.Release|x64.ActiveCfg = Release|Any CPU
		{5CB2DB27-0A38-4321-8D35-D23459E340F6}.Release|x64.Build.0 = Release|Any CPU
		{5CB2DB27-0A38-4321-8D35-D23459E340F6}.Release|x86.ActiveCfg = Release|Any CPU
		{5CB2DB27-0A38-4321-8D35-D23459E340F6}.Release|x86.Build.0 = Release|Any CPU
	EndGlobalSection
	GlobalSection(SolutionProperties) = preSolution
		HideSolutionNode = FALSE
	EndGlobalSection
	GlobalSection(NestedProjects) = preSolution
		{7616C55A-DDD6-4BC5-AC78-089A9C541705} = {827E0CD3-B72D-47B6-A68D-7590B98EB39B}
		{2D0ED598-28F8-4FFC-B70F-1E71605D7E6A} = {827E0CD3-B72D-47B6-A68D-7590B98EB39B}
		{8672517C-CF16-4976-85BD-440A34A57CBD} = {827E0CD3-B72D-47B6-A68D-7590B98EB39B}
		{5CB2DB27-0A38-4321-8D35-D23459E340F6} = {827E0CD3-B72D-47B6-A68D-7590B98EB39B}
	EndGlobalSection
EndGlobal
